
Microsoft Visual Studio Solution File, Format Version 12.00
# Visual Studio Version 17
VisualStudioVersion = 17.10.34928.147
MinimumVisualStudioVersion = 10.0.40219.1
Project("{8BC9CEB8-8B4A-11D0-8D11-00A0C91BC942}") = "05_08_string数据删除", "05_08_string数据删除\05_08_string数据删除.vcxproj", "{D730CEA4-79F8-4B49-A3CA-879BB54CB38B}"
EndProject
Global
	GlobalSection(SolutionConfigurationPlatforms) = preSolution
		Debug|x64 = Debug|x64
		Debug|x86 = Debug|x86
		Release|x64 = Release|x64
		Release|x86 = Release|x86
	EndGlobalSection
	GlobalSection(ProjectConfigurationPlatforms) = postSolution
		{D730CEA4-79F8-4B49-A3CA-879BB54CB38B}.Debug|x64.ActiveCfg = Debug|x64
		{D730CEA4-79F8-4B49-A3CA-879BB54CB38B}.Debug|x64.Build.0 = Debug|x64
		{D730CEA4-79F8-4B49-A3CA-879BB54CB38B}.Debug|x86.ActiveCfg = Debug|Win32
		{D730CEA4-79F8-4B49-A3CA-879BB54CB38B}.Debug|x86.Build.0 = Debug|Win32
		{D730CEA4-79F8-4B49-A3CA-879BB54CB38B}.Release|x64.ActiveCfg = Release|x64
		{D730CEA4-79F8-4B49-A3CA-879BB54CB38B}.Release|x64.Build.0 = Release|x64
		{D730CEA4-79F8-4B49-A3CA-879BB54CB38B}.Release|x86.ActiveCfg = Release|Win32
		{D730CEA4-79F8-4B49-A3CA-879BB54CB38B}.Release|x86.Build.0 = Release|Win32
	EndGlobalSection
	GlobalSection(SolutionProperties) = preSolution
		HideSolutionNode = FALSE
	EndGlobalSection
	GlobalSection(ExtensibilityGlobals) = postSolution
		SolutionGuid = {AA5A725B-A7FE-4920-9606-E2D47E0796A5}
	EndGlobalSection
EndGlobal
