
Microsoft Visual Studio Solution File, Format Version 12.00
# Visual Studio Version 17
VisualStudioVersion = 17.10.34928.147
MinimumVisualStudioVersion = 10.0.40219.1
Project("{8BC9CEB8-8B4A-11D0-8D11-00A0C91BC942}") = "10_07_set数据删除", "10_07_set数据删除\10_07_set数据删除.vcxproj", "{412043D8-6C34-4863-BA8C-62D0C778BF72}"
EndProject
Global
	GlobalSection(SolutionConfigurationPlatforms) = preSolution
		Debug|x64 = Debug|x64
		Debug|x86 = Debug|x86
		Release|x64 = Release|x64
		Release|x86 = Release|x86
	EndGlobalSection
	GlobalSection(ProjectConfigurationPlatforms) = postSolution
		{412043D8-6C34-4863-BA8C-62D0C778BF72}.Debug|x64.ActiveCfg = Debug|x64
		{412043D8-6C34-4863-BA8C-62D0C778BF72}.Debug|x64.Build.0 = Debug|x64
		{412043D8-6C34-4863-BA8C-62D0C778BF72}.Debug|x86.ActiveCfg = Debug|Win32
		{412043D8-6C34-4863-BA8C-62D0C778BF72}.Debug|x86.Build.0 = Debug|Win32
		{412043D8-6C34-4863-BA8C-62D0C778BF72}.Release|x64.ActiveCfg = Release|x64
		{412043D8-6C34-4863-BA8C-62D0C778BF72}.Release|x64.Build.0 = Release|x64
		{412043D8-6C34-4863-BA8C-62D0C778BF72}.Release|x86.ActiveCfg = Release|Win32
		{412043D8-6C34-4863-BA8C-62D0C778BF72}.Release|x86.Build.0 = Release|Win32
	EndGlobalSection
	GlobalSection(SolutionProperties) = preSolution
		HideSolutionNode = FALSE
	EndGlobalSection
	GlobalSection(ExtensibilityGlobals) = postSolution
		SolutionGuid = {EAF4D416-134F-4DD4-A0FF-8382C8DFDC03}
	EndGlobalSection
EndGlobal
