
Microsoft Visual Studio Solution File, Format Version 12.00
# Visual Studio Version 17
VisualStudioVersion = 17.10.34928.147
MinimumVisualStudioVersion = 10.0.40219.1
Project("{8BC9CEB8-8B4A-11D0-8D11-00A0C91BC942}") = "14_07_unordered_map数据删除", "14_07_unordered_map数据删除\14_07_unordered_map数据删除.vcxproj", "{6078AD65-5AE4-4B80-82CF-92FD75497B14}"
EndProject
Global
	GlobalSection(SolutionConfigurationPlatforms) = preSolution
		Debug|x64 = Debug|x64
		Debug|x86 = Debug|x86
		Release|x64 = Release|x64
		Release|x86 = Release|x86
	EndGlobalSection
	GlobalSection(ProjectConfigurationPlatforms) = postSolution
		{6078AD65-5AE4-4B80-82CF-92FD75497B14}.Debug|x64.ActiveCfg = Debug|x64
		{6078AD65-5AE4-4B80-82CF-92FD75497B14}.Debug|x64.Build.0 = Debug|x64
		{6078AD65-5AE4-4B80-82CF-92FD75497B14}.Debug|x86.ActiveCfg = Debug|Win32
		{6078AD65-5AE4-4B80-82CF-92FD75497B14}.Debug|x86.Build.0 = Debug|Win32
		{6078AD65-5AE4-4B80-82CF-92FD75497B14}.Release|x64.ActiveCfg = Release|x64
		{6078AD65-5AE4-4B80-82CF-92FD75497B14}.Release|x64.Build.0 = Release|x64
		{6078AD65-5AE4-4B80-82CF-92FD75497B14}.Release|x86.ActiveCfg = Release|Win32
		{6078AD65-5AE4-4B80-82CF-92FD75497B14}.Release|x86.Build.0 = Release|Win32
	EndGlobalSection
	GlobalSection(SolutionProperties) = preSolution
		HideSolutionNode = FALSE
	EndGlobalSection
	GlobalSection(ExtensibilityGlobals) = postSolution
		SolutionGuid = {9E9FAF94-AB16-4F67-A2D4-F074B6866E25}
	EndGlobalSection
EndGlobal
