
Microsoft Visual Studio Solution File, Format Version 12.00
# Visual Studio Version 17
VisualStudioVersion = 17.10.34928.147
MinimumVisualStudioVersion = 10.0.40219.1
Project("{8BC9CEB8-8B4A-11D0-8D11-00A0C91BC942}") = "13_01_unordered_set基础概念", "13_01_unordered_set基础概念\13_01_unordered_set基础概念.vcxproj", "{33228B4A-3EB1-4378-A485-B9DFF60BC303}"
EndProject
Global
	GlobalSection(SolutionConfigurationPlatforms) = preSolution
		Debug|x64 = Debug|x64
		Debug|x86 = Debug|x86
		Release|x64 = Release|x64
		Release|x86 = Release|x86
	EndGlobalSection
	GlobalSection(ProjectConfigurationPlatforms) = postSolution
		{33228B4A-3EB1-4378-A485-B9DFF60BC303}.Debug|x64.ActiveCfg = Debug|x64
		{33228B4A-3EB1-4378-A485-B9DFF60BC303}.Debug|x64.Build.0 = Debug|x64
		{33228B4A-3EB1-4378-A485-B9DFF60BC303}.Debug|x86.ActiveCfg = Debug|Win32
		{33228B4A-3EB1-4378-A485-B9DFF60BC303}.Debug|x86.Build.0 = Debug|Win32
		{33228B4A-3EB1-4378-A485-B9DFF60BC303}.Release|x64.ActiveCfg = Release|x64
		{33228B4A-3EB1-4378-A485-B9DFF60BC303}.Release|x64.Build.0 = Release|x64
		{33228B4A-3EB1-4378-A485-B9DFF60BC303}.Release|x86.ActiveCfg = Release|Win32
		{33228B4A-3EB1-4378-A485-B9DFF60BC303}.Release|x86.Build.0 = Release|Win32
	EndGlobalSection
	GlobalSection(SolutionProperties) = preSolution
		HideSolutionNode = FALSE
	EndGlobalSection
	GlobalSection(ExtensibilityGlobals) = postSolution
		SolutionGuid = {EBFE09D8-CBBB-40E6-A61B-B8E40B4A30C2}
	EndGlobalSection
EndGlobal
