
Microsoft Visual Studio Solution File, Format Version 12.00
# Visual Studio Version 17
VisualStudioVersion = 17.10.34928.147
MinimumVisualStudioVersion = 10.0.40219.1
Project("{8BC9CEB8-8B4A-11D0-8D11-00A0C91BC942}") = "05_10_string数据替换", "05_10_string数据替换\05_10_string数据替换.vcxproj", "{D67514B8-4FCB-4332-9B7B-270F58310745}"
EndProject
Global
	GlobalSection(SolutionConfigurationPlatforms) = preSolution
		Debug|x64 = Debug|x64
		Debug|x86 = Debug|x86
		Release|x64 = Release|x64
		Release|x86 = Release|x86
	EndGlobalSection
	GlobalSection(ProjectConfigurationPlatforms) = postSolution
		{D67514B8-4FCB-4332-9B7B-270F58310745}.Debug|x64.ActiveCfg = Debug|x64
		{D67514B8-4FCB-4332-9B7B-270F58310745}.Debug|x64.Build.0 = Debug|x64
		{D67514B8-4FCB-4332-9B7B-270F58310745}.Debug|x86.ActiveCfg = Debug|Win32
		{D67514B8-4FCB-4332-9B7B-270F58310745}.Debug|x86.Build.0 = Debug|Win32
		{D67514B8-4FCB-4332-9B7B-270F58310745}.Release|x64.ActiveCfg = Release|x64
		{D67514B8-4FCB-4332-9B7B-270F58310745}.Release|x64.Build.0 = Release|x64
		{D67514B8-4FCB-4332-9B7B-270F58310745}.Release|x86.ActiveCfg = Release|Win32
		{D67514B8-4FCB-4332-9B7B-270F58310745}.Release|x86.Build.0 = Release|Win32
	EndGlobalSection
	GlobalSection(SolutionProperties) = preSolution
		HideSolutionNode = FALSE
	EndGlobalSection
	GlobalSection(ExtensibilityGlobals) = postSolution
		SolutionGuid = {39C9F5BA-F2ED-4F86-B6AC-0C17EAD22E70}
	EndGlobalSection
EndGlobal
