
Microsoft Visual Studio Solution File, Format Version 12.00
# Visual Studio Version 17
VisualStudioVersion = 17.10.34928.147
MinimumVisualStudioVersion = 10.0.40219.1
Project("{8BC9CEB8-8B4A-11D0-8D11-00A0C91BC942}") = "09_09_list链表排序", "09_09_list链表排序\09_09_list链表排序.vcxproj", "{1091B1AA-2CB0-4F88-8FE2-904D31ED6234}"
EndProject
Global
	GlobalSection(SolutionConfigurationPlatforms) = preSolution
		Debug|x64 = Debug|x64
		Debug|x86 = Debug|x86
		Release|x64 = Release|x64
		Release|x86 = Release|x86
	EndGlobalSection
	GlobalSection(ProjectConfigurationPlatforms) = postSolution
		{1091B1AA-2CB0-4F88-8FE2-904D31ED6234}.Debug|x64.ActiveCfg = Debug|x64
		{1091B1AA-2CB0-4F88-8FE2-904D31ED6234}.Debug|x64.Build.0 = Debug|x64
		{1091B1AA-2CB0-4F88-8FE2-904D31ED6234}.Debug|x86.ActiveCfg = Debug|Win32
		{1091B1AA-2CB0-4F88-8FE2-904D31ED6234}.Debug|x86.Build.0 = Debug|Win32
		{1091B1AA-2CB0-4F88-8FE2-904D31ED6234}.Release|x64.ActiveCfg = Release|x64
		{1091B1AA-2CB0-4F88-8FE2-904D31ED6234}.Release|x64.Build.0 = Release|x64
		{1091B1AA-2CB0-4F88-8FE2-904D31ED6234}.Release|x86.ActiveCfg = Release|Win32
		{1091B1AA-2CB0-4F88-8FE2-904D31ED6234}.Release|x86.Build.0 = Release|Win32
	EndGlobalSection
	GlobalSection(SolutionProperties) = preSolution
		HideSolutionNode = FALSE
	EndGlobalSection
	GlobalSection(ExtensibilityGlobals) = postSolution
		SolutionGuid = {FFB2D218-719F-4BD3-B661-0FF866D6D3EF}
	EndGlobalSection
EndGlobal
