
Microsoft Visual Studio Solution File, Format Version 12.00
# Visual Studio Version 17
VisualStudioVersion = 17.10.34928.147
MinimumVisualStudioVersion = 10.0.40219.1
Project("{8BC9CEB8-8B4A-11D0-8D11-00A0C91BC942}") = "14_08_unordered_map数据修改", "14_08_unordered_map数据修改\14_08_unordered_map数据修改.vcxproj", "{CD393365-0B95-46FA-88C5-4B670DD53DCF}"
EndProject
Global
	GlobalSection(SolutionConfigurationPlatforms) = preSolution
		Debug|x64 = Debug|x64
		Debug|x86 = Debug|x86
		Release|x64 = Release|x64
		Release|x86 = Release|x86
	EndGlobalSection
	GlobalSection(ProjectConfigurationPlatforms) = postSolution
		{CD393365-0B95-46FA-88C5-4B670DD53DCF}.Debug|x64.ActiveCfg = Debug|x64
		{CD393365-0B95-46FA-88C5-4B670DD53DCF}.Debug|x64.Build.0 = Debug|x64
		{CD393365-0B95-46FA-88C5-4B670DD53DCF}.Debug|x86.ActiveCfg = Debug|Win32
		{CD393365-0B95-46FA-88C5-4B670DD53DCF}.Debug|x86.Build.0 = Debug|Win32
		{CD393365-0B95-46FA-88C5-4B670DD53DCF}.Release|x64.ActiveCfg = Release|x64
		{CD393365-0B95-46FA-88C5-4B670DD53DCF}.Release|x64.Build.0 = Release|x64
		{CD393365-0B95-46FA-88C5-4B670DD53DCF}.Release|x86.ActiveCfg = Release|Win32
		{CD393365-0B95-46FA-88C5-4B670DD53DCF}.Release|x86.Build.0 = Release|Win32
	EndGlobalSection
	GlobalSection(SolutionProperties) = preSolution
		HideSolutionNode = FALSE
	EndGlobalSection
	GlobalSection(ExtensibilityGlobals) = postSolution
		SolutionGuid = {12F1BD12-5F7D-4D10-9942-85E12BC854BD}
	EndGlobalSection
EndGlobal
