
Microsoft Visual Studio Solution File, Format Version 12.00
# Visual Studio Version 17
VisualStudioVersion = 17.10.34928.147
MinimumVisualStudioVersion = 10.0.40219.1
Project("{8BC9CEB8-8B4A-11D0-8D11-00A0C91BC942}") = "07_08_stack容器替换", "07_08_stack容器替换\07_08_stack容器替换.vcxproj", "{E627B0E0-26AB-402B-814C-998C827DA89E}"
EndProject
Global
	GlobalSection(SolutionConfigurationPlatforms) = preSolution
		Debug|x64 = Debug|x64
		Debug|x86 = Debug|x86
		Release|x64 = Release|x64
		Release|x86 = Release|x86
	EndGlobalSection
	GlobalSection(ProjectConfigurationPlatforms) = postSolution
		{E627B0E0-26AB-402B-814C-998C827DA89E}.Debug|x64.ActiveCfg = Debug|x64
		{E627B0E0-26AB-402B-814C-998C827DA89E}.Debug|x64.Build.0 = Debug|x64
		{E627B0E0-26AB-402B-814C-998C827DA89E}.Debug|x86.ActiveCfg = Debug|Win32
		{E627B0E0-26AB-402B-814C-998C827DA89E}.Debug|x86.Build.0 = Debug|Win32
		{E627B0E0-26AB-402B-814C-998C827DA89E}.Release|x64.ActiveCfg = Release|x64
		{E627B0E0-26AB-402B-814C-998C827DA89E}.Release|x64.Build.0 = Release|x64
		{E627B0E0-26AB-402B-814C-998C827DA89E}.Release|x86.ActiveCfg = Release|Win32
		{E627B0E0-26AB-402B-814C-998C827DA89E}.Release|x86.Build.0 = Release|Win32
	EndGlobalSection
	GlobalSection(SolutionProperties) = preSolution
		HideSolutionNode = FALSE
	EndGlobalSection
	GlobalSection(ExtensibilityGlobals) = postSolution
		SolutionGuid = {E6E7A18E-44DF-4CD6-8345-2061ACE536C8}
	EndGlobalSection
EndGlobal
