
Microsoft Visual Studio Solution File, Format Version 12.00
# Visual Studio Version 17
VisualStudioVersion = 17.10.34928.147
MinimumVisualStudioVersion = 10.0.40219.1
Project("{8BC9CEB8-8B4A-11D0-8D11-00A0C91BC942}") = "10_06_set数据查找", "10_06_set数据查找\10_06_set数据查找.vcxproj", "{26E62196-575F-4EB6-8D10-6E0EB69E95FB}"
EndProject
Global
	GlobalSection(SolutionConfigurationPlatforms) = preSolution
		Debug|x64 = Debug|x64
		Debug|x86 = Debug|x86
		Release|x64 = Release|x64
		Release|x86 = Release|x86
	EndGlobalSection
	GlobalSection(ProjectConfigurationPlatforms) = postSolution
		{26E62196-575F-4EB6-8D10-6E0EB69E95FB}.Debug|x64.ActiveCfg = Debug|x64
		{26E62196-575F-4EB6-8D10-6E0EB69E95FB}.Debug|x64.Build.0 = Debug|x64
		{26E62196-575F-4EB6-8D10-6E0EB69E95FB}.Debug|x86.ActiveCfg = Debug|Win32
		{26E62196-575F-4EB6-8D10-6E0EB69E95FB}.Debug|x86.Build.0 = Debug|Win32
		{26E62196-575F-4EB6-8D10-6E0EB69E95FB}.Release|x64.ActiveCfg = Release|x64
		{26E62196-575F-4EB6-8D10-6E0EB69E95FB}.Release|x64.Build.0 = Release|x64
		{26E62196-575F-4EB6-8D10-6E0EB69E95FB}.Release|x86.ActiveCfg = Release|Win32
		{26E62196-575F-4EB6-8D10-6E0EB69E95FB}.Release|x86.Build.0 = Release|Win32
	EndGlobalSection
	GlobalSection(SolutionProperties) = preSolution
		HideSolutionNode = FALSE
	EndGlobalSection
	GlobalSection(ExtensibilityGlobals) = postSolution
		SolutionGuid = {595577E2-DDBE-4BD4-965C-1D033C721B07}
	EndGlobalSection
EndGlobal
